PODS:
  - Require (2.0.0)
  - SnapKit (5.0.0)
  - SwiftLint (0.34.0)
  - Wendy (0.1.0-alpha):
    - Require (~> 2.0.0)

DEPENDENCIES:
  - SnapKit (~> 5.0.0)
  - SwiftLint
  - Wendy (from `../`)

SPEC REPOS:
  https://github.com/cocoapods/specs.git:
    - Require
    - SnapKit
    - SwiftLint

EXTERNAL SOURCES:
  Wendy:
    :path: "../"

SPEC CHECKSUMS:
  Require: f93abc18dda985f665465cf027cea7166455fb28
  SnapKit: fd22d10eb9aff484d79a8724eab922c1ddf89bcf
  SwiftLint: 79d48a17c6565dc286c37efb8322c7b450f95c67
  Wendy: 89a283bc3d4d7c702fdaea6b1ab4f4eefff3014c

PODFILE CHECKSUM: 670bf1f2a17ce50382b715f5745731cede0f617c

COCOAPODS: 1.7.4
