// !$*UTF8*$!
{
	archiveVersion = 1;
	classes = {
	};
	objectVersion = 46;
	objects = {

/* Begin PBXBuildFile section */
		5F79F7AD75ED795D9AC8BAD8 /* Pods_Wendy_iOS_Tests.framework in Frameworks */ = {isa = PBXBuildFile; fileRef = 0B2B579910304C9F80F1AC42 /* Pods_Wendy_iOS_Tests.framework */; };
		607FACD61AFB9204008FA782 /* AppDelegate.swift in Sources */ = {isa = PBXBuildFile; fileRef = 607FACD51AFB9204008FA782 /* AppDelegate.swift */; };
		607FACD81AFB9204008FA782 /* MainViewController.swift in Sources */ = {isa = PBXBuildFile; fileRef = 607FACD71AFB9204008FA782 /* MainViewController.swift */; };
		607FACDD1AFB9204008FA782 /* Images.xcassets in Resources */ = {isa = PBXBuildFile; fileRef = 607FACDC1AFB9204008FA782 /* Images.xcassets */; };
		607FACE01AFB9204008FA782 /* LaunchScreen.xib in Resources */ = {isa = PBXBuildFile; fileRef = 607FACDE1AFB9204008FA782 /* LaunchScreen.xib */; };
		607FACEC1AFB9204008FA782 /* Tests.swift in Sources */ = {isa = PBXBuildFile; fileRef = 607FACEB1AFB9204008FA782 /* Tests.swift */; };
		A7165EDC5F922A4114BA5EAD /* Pods_Wendy_Tests.framework in Frameworks */ = {isa = PBXBuildFile; fileRef = F8E5425B4B841F6DAC94C636 /* Pods_Wendy_Tests.framework */; };
		F73E96E4206EDF8500E7306F /* ExampleAppPendingTasksFactory.swift in Sources */ = {isa = PBXBuildFile; fileRef = F73E96E3206EDF8500E7306F /* ExampleAppPendingTasksFactory.swift */; };
		F73E96E9206EE7B400E7306F /* PendingTaskTableViewCell.swift in Sources */ = {isa = PBXBuildFile; fileRef = F73E96E8206EE7B400E7306F /* PendingTaskTableViewCell.swift */; };
		F75239302090FD2200E2D76A /* CreateGroceryListItemPendingTask.swift in Sources */ = {isa = PBXBuildFile; fileRef = F752392F2090FD2200E2D76A /* CreateGroceryListItemPendingTask.swift */; };
		F76AFB662086738A001A427B /* Pods_Wendy_Example.framework in Frameworks */ = {isa = PBXBuildFile; fileRef = 66F6204D5DD1D3F56DFF7D6D /* Pods_Wendy_Example.framework */; };
		F79F54B7208A5435007DC508 /* PendingTaskStatusUILabel.swift in Sources */ = {isa = PBXBuildFile; fileRef = F79F54B6208A5435007DC508 /* PendingTaskStatusUILabel.swift */; };
		F79F54B9208A568F007DC508 /* PendingTaskResolveErrorButton.swift in Sources */ = {isa = PBXBuildFile; fileRef = F79F54B8208A568F007DC508 /* PendingTaskResolveErrorButton.swift */; };
		F7B45F1C206E983F00BC547D /* Wendy.podspec in Resources */ = {isa = PBXBuildFile; fileRef = F7B45F1B206E983F00BC547D /* Wendy.podspec */; };
		F7E45BA82086697B00CEC32B /* Wendy.framework in Frameworks */ = {isa = PBXBuildFile; fileRef = F7E45BA72086697B00CEC32B /* Wendy.framework */; };
		F7EED056206967BA00F2B7AF /* AddGroceryListItemPendingTask.swift in Sources */ = {isa = PBXBuildFile; fileRef = F7EED055206967BA00F2B7AF /* AddGroceryListItemPendingTask.swift */; };
		F7F01444206AF59F00896E9B /* SnapKit.framework in Frameworks */ = {isa = PBXBuildFile; fileRef = F7F01445206AF59F00896E9B /* SnapKit.framework */; };
/* End PBXBuildFile section */

/* Begin PBXContainerItemProxy section */
		607FACE61AFB9204008FA782 /* PBXContainerItemProxy */ = {
			isa = PBXContainerItemProxy;
			containerPortal = 607FACC81AFB9204008FA782 /* Project object */;
			proxyType = 1;
			remoteGlobalIDString = 607FACCF1AFB9204008FA782;
			remoteInfo = "Wendy-iOS";
		};
/* End PBXContainerItemProxy section */

/* Begin PBXFileReference section */
		05ED0B59CFF4BBB262DA8D69 /* Pods-Wendy_Tests.release.xcconfig */ = {isa = PBXFileReference; includeInIndex = 1; lastKnownFileType = text.xcconfig; name = "Pods-Wendy_Tests.release.xcconfig"; path = "Pods/Target Support Files/Pods-Wendy_Tests/Pods-Wendy_Tests.release.xcconfig"; sourceTree = "<group>"; };
		0B2B579910304C9F80F1AC42 /* Pods_Wendy_iOS_Tests.framework */ = {isa = PBXFileReference; explicitFileType = wrapper.framework; includeInIndex = 0; path = Pods_Wendy_iOS_Tests.framework; sourceTree = BUILT_PRODUCTS_DIR; };
		4170B334870A7FBF55FD22C3 /* README.md */ = {isa = PBXFileReference; includeInIndex = 1; lastKnownFileType = net.daringfireball.markdown; name = README.md; path = ../README.md; sourceTree = "<group>"; };
		456152DCDEEC939D384208AE /* Pods-Wendy-iOS_Tests.release.xcconfig */ = {isa = PBXFileReference; includeInIndex = 1; lastKnownFileType = text.xcconfig; name = "Pods-Wendy-iOS_Tests.release.xcconfig"; path = "Pods/Target Support Files/Pods-Wendy-iOS_Tests/Pods-Wendy-iOS_Tests.release.xcconfig"; sourceTree = "<group>"; };
		607FACD01AFB9204008FA782 /* Wendy_Example.app */ = {isa = PBXFileReference; explicitFileType = wrapper.application; includeInIndex = 0; path = Wendy_Example.app; sourceTree = BUILT_PRODUCTS_DIR; };
		607FACD41AFB9204008FA782 /* Info.plist */ = {isa = PBXFileReference; lastKnownFileType = text.plist.xml; path = Info.plist; sourceTree = "<group>"; };
		607FACD51AFB9204008FA782 /* AppDelegate.swift */ = {isa = PBXFileReference; lastKnownFileType = sourcecode.swift; path = AppDelegate.swift; sourceTree = "<group>"; };
		607FACD71AFB9204008FA782 /* MainViewController.swift */ = {isa = PBXFileReference; lastKnownFileType = sourcecode.swift; path = MainViewController.swift; sourceTree = "<group>"; };
		607FACDC1AFB9204008FA782 /* Images.xcassets */ = {isa = PBXFileReference; lastKnownFileType = folder.assetcatalog; path = Images.xcassets; sourceTree = "<group>"; };
		607FACDF1AFB9204008FA782 /* Base */ = {isa = PBXFileReference; lastKnownFileType = file.xib; name = Base; path = Base.lproj/LaunchScreen.xib; sourceTree = "<group>"; };
		607FACE51AFB9204008FA782 /* Wendy_Tests.xctest */ = {isa = PBXFileReference; explicitFileType = wrapper.cfbundle; includeInIndex = 0; path = Wendy_Tests.xctest; sourceTree = BUILT_PRODUCTS_DIR; };
		607FACEA1AFB9204008FA782 /* Info.plist */ = {isa = PBXFileReference; lastKnownFileType = text.plist.xml; path = Info.plist; sourceTree = "<group>"; };
		607FACEB1AFB9204008FA782 /* Tests.swift */ = {isa = PBXFileReference; lastKnownFileType = sourcecode.swift; path = Tests.swift; sourceTree = "<group>"; };
		66F6204D5DD1D3F56DFF7D6D /* Pods_Wendy_Example.framework */ = {isa = PBXFileReference; explicitFileType = wrapper.framework; includeInIndex = 0; path = Pods_Wendy_Example.framework; sourceTree = BUILT_PRODUCTS_DIR; };
		758EEE179B51A8E7DAC2E768 /* Pods-Wendy-iOS_Example.release.xcconfig */ = {isa = PBXFileReference; includeInIndex = 1; lastKnownFileType = text.xcconfig; name = "Pods-Wendy-iOS_Example.release.xcconfig"; path = "Pods/Target Support Files/Pods-Wendy-iOS_Example/Pods-Wendy-iOS_Example.release.xcconfig"; sourceTree = "<group>"; };
		A9E506EEC7BA5DF8A6E6C9D2 /* LICENSE */ = {isa = PBXFileReference; includeInIndex = 1; lastKnownFileType = text; name = LICENSE; path = ../LICENSE; sourceTree = "<group>"; };
		B2F0BE46D4CDD276352A8397 /* Pods-Wendy_Tests.debug.xcconfig */ = {isa = PBXFileReference; includeInIndex = 1; lastKnownFileType = text.xcconfig; name = "Pods-Wendy_Tests.debug.xcconfig"; path = "Pods/Target Support Files/Pods-Wendy_Tests/Pods-Wendy_Tests.debug.xcconfig"; sourceTree = "<group>"; };
		B533CAD2A20CDCB0F96083DC /* Pods-Wendy_Example.debug.xcconfig */ = {isa = PBXFileReference; includeInIndex = 1; lastKnownFileType = text.xcconfig; name = "Pods-Wendy_Example.debug.xcconfig"; path = "Pods/Target Support Files/Pods-Wendy_Example/Pods-Wendy_Example.debug.xcconfig"; sourceTree = "<group>"; };
		C58F89ABC70B4B2BACEBE473 /* Pods-Wendy-iOS_Tests.debug.xcconfig */ = {isa = PBXFileReference; includeInIndex = 1; lastKnownFileType = text.xcconfig; name = "Pods-Wendy-iOS_Tests.debug.xcconfig"; path = "Pods/Target Support Files/Pods-Wendy-iOS_Tests/Pods-Wendy-iOS_Tests.debug.xcconfig"; sourceTree = "<group>"; };
		D0288639D2D438127C7647AB /* Pods-Wendy_Example.release.xcconfig */ = {isa = PBXFileReference; includeInIndex = 1; lastKnownFileType = text.xcconfig; name = "Pods-Wendy_Example.release.xcconfig"; path = "Pods/Target Support Files/Pods-Wendy_Example/Pods-Wendy_Example.release.xcconfig"; sourceTree = "<group>"; };
		E44E697F6DF98A26DA6784E6 /* Pods-Wendy-iOS_Example.debug.xcconfig */ = {isa = PBXFileReference; includeInIndex = 1; lastKnownFileType = text.xcconfig; name = "Pods-Wendy-iOS_Example.debug.xcconfig"; path = "Pods/Target Support Files/Pods-Wendy-iOS_Example/Pods-Wendy-iOS_Example.debug.xcconfig"; sourceTree = "<group>"; };
		EB071B0A3710D27E7EC9CC35 /* Pods_Wendy_iOS_Example.framework */ = {isa = PBXFileReference; explicitFileType = wrapper.framework; includeInIndex = 0; path = Pods_Wendy_iOS_Example.framework; sourceTree = BUILT_PRODUCTS_DIR; };
		F70927A3206E96D500FC7C04 /* Wendy_iOS.framework */ = {isa = PBXFileReference; explicitFileType = wrapper.framework; path = Wendy_iOS.framework; sourceTree = BUILT_PRODUCTS_DIR; };
		F70927A5206E970700FC7C04 /* Wendy_iOS.framework */ = {isa = PBXFileReference; explicitFileType = wrapper.framework; path = Wendy_iOS.framework; sourceTree = BUILT_PRODUCTS_DIR; };
		F73E96E3206EDF8500E7306F /* ExampleAppPendingTasksFactory.swift */ = {isa = PBXFileReference; lastKnownFileType = sourcecode.swift; path = ExampleAppPendingTasksFactory.swift; sourceTree = "<group>"; };
		F73E96E8206EE7B400E7306F /* PendingTaskTableViewCell.swift */ = {isa = PBXFileReference; lastKnownFileType = sourcecode.swift; path = PendingTaskTableViewCell.swift; sourceTree = "<group>"; };
		F752392F2090FD2200E2D76A /* CreateGroceryListItemPendingTask.swift */ = {isa = PBXFileReference; lastKnownFileType = sourcecode.swift; path = CreateGroceryListItemPendingTask.swift; sourceTree = "<group>"; };
		F79F54B6208A5435007DC508 /* PendingTaskStatusUILabel.swift */ = {isa = PBXFileReference; lastKnownFileType = sourcecode.swift; path = PendingTaskStatusUILabel.swift; sourceTree = "<group>"; };
		F79F54B8208A568F007DC508 /* PendingTaskResolveErrorButton.swift */ = {isa = PBXFileReference; lastKnownFileType = sourcecode.swift; path = PendingTaskResolveErrorButton.swift; sourceTree = "<group>"; };
		F7B45F1B206E983F00BC547D /* Wendy.podspec */ = {isa = PBXFileReference; fileEncoding = 4; lastKnownFileType = text; name = Wendy.podspec; path = ../Wendy.podspec; sourceTree = "<group>"; xcLanguageSpecificationIdentifier = xcode.lang.ruby; };
		F7B45F1E206E985000BC547D /* Wendy.framework */ = {isa = PBXFileReference; explicitFileType = wrapper.framework; path = Wendy.framework; sourceTree = BUILT_PRODUCTS_DIR; };
		F7B45F20206E985400BC547D /* Pods_Wendy_iOS_Example.framework */ = {isa = PBXFileReference; explicitFileType = wrapper.framework; path = Pods_Wendy_iOS_Example.framework; sourceTree = BUILT_PRODUCTS_DIR; };
		F7BA00D9206DA67E00FDB609 /* Wendy_iOS.framework */ = {isa = PBXFileReference; explicitFileType = wrapper.framework; path = Wendy_iOS.framework; sourceTree = BUILT_PRODUCTS_DIR; };
		F7E45BA52086697B00CEC32B /* Pods_Wendy_iOS_Example.framework */ = {isa = PBXFileReference; explicitFileType = wrapper.framework; path = Pods_Wendy_iOS_Example.framework; sourceTree = BUILT_PRODUCTS_DIR; };
		F7E45BA72086697B00CEC32B /* Wendy.framework */ = {isa = PBXFileReference; explicitFileType = wrapper.framework; path = Wendy.framework; sourceTree = BUILT_PRODUCTS_DIR; };
		F7EED055206967BA00F2B7AF /* AddGroceryListItemPendingTask.swift */ = {isa = PBXFileReference; lastKnownFileType = sourcecode.swift; path = AddGroceryListItemPendingTask.swift; sourceTree = "<group>"; };
		F7F01445206AF59F00896E9B /* SnapKit.framework */ = {isa = PBXFileReference; explicitFileType = wrapper.framework; path = SnapKit.framework; sourceTree = BUILT_PRODUCTS_DIR; };
		F8E5425B4B841F6DAC94C636 /* Pods_Wendy_Tests.framework */ = {isa = PBXFileReference; explicitFileType = wrapper.framework; includeInIndex = 0; path = Pods_Wendy_Tests.framework; sourceTree = BUILT_PRODUCTS_DIR; };
/* End PBXFileReference section */

/* Begin PBXFrameworksBuildPhase section */
		607FACCD1AFB9204008FA782 /* Frameworks */ = {
			isa = PBXFrameworksBuildPhase;
			buildActionMask = 2147483647;
			files = (
				F76AFB662086738A001A427B /* Pods_Wendy_Example.framework in Frameworks */,
				F7E45BA82086697B00CEC32B /* Wendy.framework in Frameworks */,
				F7F01444206AF59F00896E9B /* SnapKit.framework in Frameworks */,
			);
			runOnlyForDeploymentPostprocessing = 0;
		};
		607FACE21AFB9204008FA782 /* Frameworks */ = {
			isa = PBXFrameworksBuildPhase;
			buildActionMask = 2147483647;
			files = (
				5F79F7AD75ED795D9AC8BAD8 /* Pods_Wendy_iOS_Tests.framework in Frameworks */,
				A7165EDC5F922A4114BA5EAD /* Pods_Wendy_Tests.framework in Frameworks */,
			);
			runOnlyForDeploymentPostprocessing = 0;
		};
/* End PBXFrameworksBuildPhase section */

/* Begin PBXGroup section */
		0D23A9FDB5562B4C81DCDCC5 /* Pods */ = {
			isa = PBXGroup;
			children = (
				E44E697F6DF98A26DA6784E6 /* Pods-Wendy-iOS_Example.debug.xcconfig */,
				758EEE179B51A8E7DAC2E768 /* Pods-Wendy-iOS_Example.release.xcconfig */,
				C58F89ABC70B4B2BACEBE473 /* Pods-Wendy-iOS_Tests.debug.xcconfig */,
				456152DCDEEC939D384208AE /* Pods-Wendy-iOS_Tests.release.xcconfig */,
				B533CAD2A20CDCB0F96083DC /* Pods-Wendy_Example.debug.xcconfig */,
				D0288639D2D438127C7647AB /* Pods-Wendy_Example.release.xcconfig */,
				B2F0BE46D4CDD276352A8397 /* Pods-Wendy_Tests.debug.xcconfig */,
				05ED0B59CFF4BBB262DA8D69 /* Pods-Wendy_Tests.release.xcconfig */,
			);
			name = Pods;
			sourceTree = "<group>";
		};
		607FACC71AFB9204008FA782 = {
			isa = PBXGroup;
			children = (
				607FACF51AFB993E008FA782 /* Podspec Metadata */,
				607FACD21AFB9204008FA782 /* Example for Wendy-iOS */,
				607FACE81AFB9204008FA782 /* Tests */,
				607FACD11AFB9204008FA782 /* Products */,
				0D23A9FDB5562B4C81DCDCC5 /* Pods */,
				9CDA406EBB77ABB8E9B5B3C7 /* Frameworks */,
			);
			sourceTree = "<group>";
		};
		607FACD11AFB9204008FA782 /* Products */ = {
			isa = PBXGroup;
			children = (
				607FACD01AFB9204008FA782 /* Wendy_Example.app */,
				607FACE51AFB9204008FA782 /* Wendy_Tests.xctest */,
			);
			name = Products;
			sourceTree = "<group>";
		};
		607FACD21AFB9204008FA782 /* Example for Wendy-iOS */ = {
			isa = PBXGroup;
			children = (
				F79F54B5208A5413007DC508 /* UIView */,
				F73E96E7206EE79700E7306F /* UITableViewCell */,
				F7EED054206967A600F2B7AF /* Tasks */,
				607FACD51AFB9204008FA782 /* AppDelegate.swift */,
				607FACD71AFB9204008FA782 /* MainViewController.swift */,
				607FACDC1AFB9204008FA782 /* Images.xcassets */,
				607FACDE1AFB9204008FA782 /* LaunchScreen.xib */,
				607FACD31AFB9204008FA782 /* Supporting Files */,
			);
			name = "Example for Wendy-iOS";
			path = Wendy;
			sourceTree = "<group>";
		};
		607FACD31AFB9204008FA782 /* Supporting Files */ = {
			isa = PBXGroup;
			children = (
				607FACD41AFB9204008FA782 /* Info.plist */,
			);
			name = "Supporting Files";
			sourceTree = "<group>";
		};
		607FACE81AFB9204008FA782 /* Tests */ = {
			isa = PBXGroup;
			children = (
				607FACEB1AFB9204008FA782 /* Tests.swift */,
				607FACE91AFB9204008FA782 /* Supporting Files */,
			);
			path = Tests;
			sourceTree = "<group>";
		};
		607FACE91AFB9204008FA782 /* Supporting Files */ = {
			isa = PBXGroup;
			children = (
				607FACEA1AFB9204008FA782 /* Info.plist */,
			);
			name = "Supporting Files";
			sourceTree = "<group>";
		};
		607FACF51AFB993E008FA782 /* Podspec Metadata */ = {
			isa = PBXGroup;
			children = (
				F7B45F1B206E983F00BC547D /* Wendy.podspec */,
				4170B334870A7FBF55FD22C3 /* README.md */,
				A9E506EEC7BA5DF8A6E6C9D2 /* LICENSE */,
			);
			name = "Podspec Metadata";
			sourceTree = "<group>";
		};
		9CDA406EBB77ABB8E9B5B3C7 /* Frameworks */ = {
			isa = PBXGroup;
			children = (
				F7E45BA52086697B00CEC32B /* Pods_Wendy_iOS_Example.framework */,
				F7E45BA72086697B00CEC32B /* Wendy.framework */,
				F7B45F20206E985400BC547D /* Pods_Wendy_iOS_Example.framework */,
				F7B45F1E206E985000BC547D /* Wendy.framework */,
				F70927A5206E970700FC7C04 /* Wendy_iOS.framework */,
				F70927A3206E96D500FC7C04 /* Wendy_iOS.framework */,
				F7BA00D9206DA67E00FDB609 /* Wendy_iOS.framework */,
				F7F01445206AF59F00896E9B /* SnapKit.framework */,
				EB071B0A3710D27E7EC9CC35 /* Pods_Wendy_iOS_Example.framework */,
				0B2B579910304C9F80F1AC42 /* Pods_Wendy_iOS_Tests.framework */,
				66F6204D5DD1D3F56DFF7D6D /* Pods_Wendy_Example.framework */,
				F8E5425B4B841F6DAC94C636 /* Pods_Wendy_Tests.framework */,
			);
			name = Frameworks;
			sourceTree = "<group>";
		};
		F73E96E7206EE79700E7306F /* UITableViewCell */ = {
			isa = PBXGroup;
			children = (
				F73E96E8206EE7B400E7306F /* PendingTaskTableViewCell.swift */,
			);
			path = UITableViewCell;
			sourceTree = "<group>";
		};
		F79F54B5208A5413007DC508 /* UIView */ = {
			isa = PBXGroup;
			children = (
				F79F54B6208A5435007DC508 /* PendingTaskStatusUILabel.swift */,
				F79F54B8208A568F007DC508 /* PendingTaskResolveErrorButton.swift */,
			);
			path = UIView;
			sourceTree = "<group>";
		};
		F7EED054206967A600F2B7AF /* Tasks */ = {
			isa = PBXGroup;
			children = (
				F7EED055206967BA00F2B7AF /* AddGroceryListItemPendingTask.swift */,
				F73E96E3206EDF8500E7306F /* ExampleAppPendingTasksFactory.swift */,
				F752392F2090FD2200E2D76A /* CreateGroceryListItemPendingTask.swift */,
			);
			path = Tasks;
			sourceTree = "<group>";
		};
/* End PBXGroup section */

/* Begin PBXNativeTarget section */
		607FACCF1AFB9204008FA782 /* Wendy_Example */ = {
			isa = PBXNativeTarget;
			buildConfigurationList = 607FACEF1AFB9204008FA782 /* Build configuration list for PBXNativeTarget "Wendy_Example" */;
			buildPhases = (
				78FC8C0A695ECD544E178402 /* [CP] Check Pods Manifest.lock */,
				607FACCC1AFB9204008FA782 /* Sources */,
				607FACCD1AFB9204008FA782 /* Frameworks */,
				607FACCE1AFB9204008FA782 /* Resources */,
				1613A2D496492D5E9251D734 /* [CP] Embed Pods Frameworks */,
				F79F54B4208A355F007DC508 /* Swiftlint */,
			);
			buildRules = (
			);
			dependencies = (
			);
			name = Wendy_Example;
			productName = "Wendy-iOS";
			productReference = 607FACD01AFB9204008FA782 /* Wendy_Example.app */;
			productType = "com.apple.product-type.application";
		};
		607FACE41AFB9204008FA782 /* Wendy_Tests */ = {
			isa = PBXNativeTarget;
			buildConfigurationList = 607FACF21AFB9204008FA782 /* Build configuration list for PBXNativeTarget "Wendy_Tests" */;
			buildPhases = (
				74E3276D54943B7FBCAA31E1 /* [CP] Check Pods Manifest.lock */,
				607FACE11AFB9204008FA782 /* Sources */,
				607FACE21AFB9204008FA782 /* Frameworks */,
				607FACE31AFB9204008FA782 /* Resources */,
				4280664A829DBF4EE08A638F /* [CP] Embed Pods Frameworks */,
			);
			buildRules = (
			);
			dependencies = (
				607FACE71AFB9204008FA782 /* PBXTargetDependency */,
			);
			name = Wendy_Tests;
			productName = Tests;
			productReference = 607FACE51AFB9204008FA782 /* Wendy_Tests.xctest */;
			productType = "com.apple.product-type.bundle.unit-test";
		};
/* End PBXNativeTarget section */

/* Begin PBXProject section */
		607FACC81AFB9204008FA782 /* Project object */ = {
			isa = PBXProject;
			attributes = {
				LastSwiftUpdateCheck = 0830;
				LastUpgradeCheck = 0930;
				ORGANIZATIONNAME = CocoaPods;
				TargetAttributes = {
					607FACCF1AFB9204008FA782 = {
						CreatedOnToolsVersion = 6.3.1;
						DevelopmentTeam = 6FUGF49KXB;
						LastSwiftMigration = 0900;
						ProvisioningStyle = Automatic;
						SystemCapabilities = {
							com.apple.BackgroundModes = {
								enabled = 1;
							};
						};
					};
					607FACE41AFB9204008FA782 = {
						CreatedOnToolsVersion = 6.3.1;
						LastSwiftMigration = 0900;
						TestTargetID = 607FACCF1AFB9204008FA782;
					};
				};
			};
			buildConfigurationList = 607FACCB1AFB9204008FA782 /* Build configuration list for PBXProject "Wendy" */;
			compatibilityVersion = "Xcode 3.2";
			developmentRegion = English;
			hasScannedForEncodings = 0;
			knownRegions = (
				en,
				Base,
			);
			mainGroup = 607FACC71AFB9204008FA782;
			productRefGroup = 607FACD11AFB9204008FA782 /* Products */;
			projectDirPath = "";
			projectRoot = "";
			targets = (
				607FACCF1AFB9204008FA782 /* Wendy_Example */,
				607FACE41AFB9204008FA782 /* Wendy_Tests */,
			);
		};
/* End PBXProject section */

/* Begin PBXResourcesBuildPhase section */
		607FACCE1AFB9204008FA782 /* Resources */ = {
			isa = PBXResourcesBuildPhase;
			buildActionMask = 2147483647;
			files = (
				607FACE01AFB9204008FA782 /* LaunchScreen.xib in Resources */,
				607FACDD1AFB9204008FA782 /* Images.xcassets in Resources */,
				F7B45F1C206E983F00BC547D /* Wendy.podspec in Resources */,
			);
			runOnlyForDeploymentPostprocessing = 0;
		};
		607FACE31AFB9204008FA782 /* Resources */ = {
			isa = PBXResourcesBuildPhase;
			buildActionMask = 2147483647;
			files = (
			);
			runOnlyForDeploymentPostprocessing = 0;
		};
/* End PBXResourcesBuildPhase section */

/* Begin PBXShellScriptBuildPhase section */
		1613A2D496492D5E9251D734 /* [CP] Embed Pods Frameworks */ = {
			isa = PBXShellScriptBuildPhase;
			buildActionMask = 2147483647;
			files = (
			);
			inputPaths = (
				"${SRCROOT}/Pods/Target Support Files/Pods-Wendy_Example/Pods-Wendy_Example-frameworks.sh",
				"${BUILT_PRODUCTS_DIR}/Require/Require.framework",
				"${BUILT_PRODUCTS_DIR}/SnapKit/SnapKit.framework",
				"${BUILT_PRODUCTS_DIR}/Wendy/Wendy.framework",
			);
			name = "[CP] Embed Pods Frameworks";
			outputPaths = (
				"${TARGET_BUILD_DIR}/${FRAMEWORKS_FOLDER_PATH}/Require.framework",
				"${TARGET_BUILD_DIR}/${FRAMEWORKS_FOLDER_PATH}/SnapKit.framework",
				"${TARGET_BUILD_DIR}/${FRAMEWORKS_FOLDER_PATH}/Wendy.framework",
			);
			runOnlyForDeploymentPostprocessing = 0;
			shellPath = /bin/sh;
			shellScript = "\"${SRCROOT}/Pods/Target Support Files/Pods-Wendy_Example/Pods-Wendy_Example-frameworks.sh\"\n";
			showEnvVarsInLog = 0;
		};
		4280664A829DBF4EE08A638F /* [CP] Embed Pods Frameworks */ = {
			isa = PBXShellScriptBuildPhase;
			buildActionMask = 2147483647;
			files = (
			);
			inputPaths = (
				"${SRCROOT}/Pods/Target Support Files/Pods-Wendy_Tests/Pods-Wendy_Tests-frameworks.sh",
				"${BUILT_PRODUCTS_DIR}/FBSnapshotTestCase/FBSnapshotTestCase.framework",
				"${BUILT_PRODUCTS_DIR}/Nimble/Nimble.framework",
				"${BUILT_PRODUCTS_DIR}/Nimble-Snapshots/Nimble_Snapshots.framework",
				"${BUILT_PRODUCTS_DIR}/Quick/Quick.framework",
			);
			name = "[CP] Embed Pods Frameworks";
			outputPaths = (
				"${TARGET_BUILD_DIR}/${FRAMEWORKS_FOLDER_PATH}/FBSnapshotTestCase.framework",
				"${TARGET_BUILD_DIR}/${FRAMEWORKS_FOLDER_PATH}/Nimble.framework",
				"${TARGET_BUILD_DIR}/${FRAMEWORKS_FOLDER_PATH}/Nimble_Snapshots.framework",
				"${TARGET_BUILD_DIR}/${FRAMEWORKS_FOLDER_PATH}/Quick.framework",
			);
			runOnlyForDeploymentPostprocessing = 0;
			shellPath = /bin/sh;
			shellScript = "\"${SRCROOT}/Pods/Target Support Files/Pods-Wendy_Tests/Pods-Wendy_Tests-frameworks.sh\"\n";
			showEnvVarsInLog = 0;
		};
		74E3276D54943B7FBCAA31E1 /* [CP] Check Pods Manifest.lock */ = {
			isa = PBXShellScriptBuildPhase;
			buildActionMask = 2147483647;
			files = (
			);
			inputPaths = (
				"${PODS_PODFILE_DIR_PATH}/Podfile.lock",
				"${PODS_ROOT}/Manifest.lock",
			);
			name = "[CP] Check Pods Manifest.lock";
			outputPaths = (
				"$(DERIVED_FILE_DIR)/Pods-Wendy_Tests-checkManifestLockResult.txt",
			);
			runOnlyForDeploymentPostprocessing = 0;
			shellPath = /bin/sh;
			shellScript = "diff \"${PODS_PODFILE_DIR_PATH}/Podfile.lock\" \"${PODS_ROOT}/Manifest.lock\" > /dev/null\nif [ $? != 0 ] ; then\n    # print error to STDERR\n    echo \"error: The sandbox is not in sync with the Podfile.lock. Run 'pod install' or update your CocoaPods installation.\" >&2\n    exit 1\nfi\n# This output is used by Xcode 'outputs' to avoid re-running this script phase.\necho \"SUCCESS\" > \"${SCRIPT_OUTPUT_FILE_0}\"\n";
			showEnvVarsInLog = 0;
		};
		78FC8C0A695ECD544E178402 /* [CP] Check Pods Manifest.lock */ = {
			isa = PBXShellScriptBuildPhase;
			buildActionMask = 2147483647;
			files = (
			);
			inputPaths = (
				"${PODS_PODFILE_DIR_PATH}/Podfile.lock",
				"${PODS_ROOT}/Manifest.lock",
			);
			name = "[CP] Check Pods Manifest.lock";
			outputPaths = (
				"$(DERIVED_FILE_DIR)/Pods-Wendy_Example-checkManifestLockResult.txt",
			);
			runOnlyForDeploymentPostprocessing = 0;
			shellPath = /bin/sh;
			shellScript = "diff \"${PODS_PODFILE_DIR_PATH}/Podfile.lock\" \"${PODS_ROOT}/Manifest.lock\" > /dev/null\nif [ $? != 0 ] ; then\n    # print error to STDERR\n    echo \"error: The sandbox is not in sync with the Podfile.lock. Run 'pod install' or update your CocoaPods installation.\" >&2\n    exit 1\nfi\n# This output is used by Xcode 'outputs' to avoid re-running this script phase.\necho \"SUCCESS\" > \"${SCRIPT_OUTPUT_FILE_0}\"\n";
			showEnvVarsInLog = 0;
		};
		F79F54B4208A355F007DC508 /* Swiftlint */ = {
			isa = PBXShellScriptBuildPhase;
			buildActionMask = 2147483647;
			files = (
			);
			inputPaths = (
			);
			name = Swiftlint;
			outputPaths = (
			);
			runOnlyForDeploymentPostprocessing = 0;
			shellPath = /bin/sh;
			shellScript = "\"${PODS_ROOT}/SwiftLint/swiftlint\"";
		};
/* End PBXShellScriptBuildPhase section */

/* Begin PBXSourcesBuildPhase section */
		607FACCC1AFB9204008FA782 /* Sources */ = {
			isa = PBXSourcesBuildPhase;
			buildActionMask = 2147483647;
			files = (
				F79F54B9208A568F007DC508 /* PendingTaskResolveErrorButton.swift in Sources */,
				607FACD81AFB9204008FA782 /* MainViewController.swift in Sources */,
				F73E96E9206EE7B400E7306F /* PendingTaskTableViewCell.swift in Sources */,
				F75239302090FD2200E2D76A /* CreateGroceryListItemPendingTask.swift in Sources */,
				607FACD61AFB9204008FA782 /* AppDelegate.swift in Sources */,
				F79F54B7208A5435007DC508 /* PendingTaskStatusUILabel.swift in Sources */,
				F73E96E4206EDF8500E7306F /* ExampleAppPendingTasksFactory.swift in Sources */,
				F7EED056206967BA00F2B7AF /* AddGroceryListItemPendingTask.swift in Sources */,
			);
			runOnlyForDeploymentPostprocessing = 0;
		};
		607FACE11AFB9204008FA782 /* Sources */ = {
			isa = PBXSourcesBuildPhase;
			buildActionMask = 2147483647;
			files = (
				607FACEC1AFB9204008FA782 /* Tests.swift in Sources */,
			);
			runOnlyForDeploymentPostprocessing = 0;
		};
/* End PBXSourcesBuildPhase section */

/* Begin PBXTargetDependency section */
		607FACE71AFB9204008FA782 /* PBXTargetDependency */ = {
			isa = PBXTargetDependency;
			target = 607FACCF1AFB9204008FA782 /* Wendy_Example */;
			targetProxy = 607FACE61AFB9204008FA782 /* PBXContainerItemProxy */;
		};
/* End PBXTargetDependency section */

/* Begin PBXVariantGroup section */
		607FACDE1AFB9204008FA782 /* LaunchScreen.xib */ = {
			isa = PBXVariantGroup;
			children = (
				607FACDF1AFB9204008FA782 /* Base */,
			);
			name = LaunchScreen.xib;
			sourceTree = "<group>";
		};
/* End PBXVariantGroup section */

/* Begin XCBuildConfiguration section */
		607FACED1AFB9204008FA782 /* Debug */ = {
			isa = XCBuildConfiguration;
			buildSettings = {
				ALWAYS_SEARCH_USER_PATHS = NO;
				CLANG_CXX_LANGUAGE_STANDARD = "gnu++0x";
				CLANG_CXX_LIBRARY = "libc++";
				CLANG_ENABLE_MODULES = YES;
				CLANG_ENABLE_OBJC_ARC = YES;
				CLANG_WARN_BLOCK_CAPTURE_AUTORELEASING = YES;
				CLANG_WARN_BOOL_CONVERSION = YES;
				CLANG_WARN_COMMA = YES;
				CLANG_WARN_CONSTANT_CONVERSION = YES;
				CLANG_WARN_DEPRECATED_OBJC_IMPLEMENTATIONS = YES;
				CLANG_WARN_DIRECT_OBJC_ISA_USAGE = YES_ERROR;
				CLANG_WARN_EMPTY_BODY = YES;
				CLANG_WARN_ENUM_CONVERSION = YES;
				CLANG_WARN_INFINITE_RECURSION = YES;
				CLANG_WARN_INT_CONVERSION = YES;
				CLANG_WARN_NON_LITERAL_NULL_CONVERSION = YES;
				CLANG_WARN_OBJC_IMPLICIT_RETAIN_SELF = YES;
				CLANG_WARN_OBJC_LITERAL_CONVERSION = YES;
				CLANG_WARN_OBJC_ROOT_CLASS = YES_ERROR;
				CLANG_WARN_RANGE_LOOP_ANALYSIS = YES;
				CLANG_WARN_STRICT_PROTOTYPES = YES;
				CLANG_WARN_SUSPICIOUS_MOVE = YES;
				CLANG_WARN_UNREACHABLE_CODE = YES;
				CLANG_WARN__DUPLICATE_METHOD_MATCH = YES;
				"CODE_SIGN_IDENTITY[sdk=iphoneos*]" = "iPhone Developer";
				COPY_PHASE_STRIP = NO;
				DEBUG_INFORMATION_FORMAT = "dwarf-with-dsym";
				ENABLE_STRICT_OBJC_MSGSEND = YES;
				ENABLE_TESTABILITY = YES;
				GCC_C_LANGUAGE_STANDARD = gnu99;
				GCC_DYNAMIC_NO_PIC = NO;
				GCC_NO_COMMON_BLOCKS = YES;
				GCC_OPTIMIZATION_LEVEL = 0;
				GCC_PREPROCESSOR_DEFINITIONS = (
					"DEBUG=1",
					"$(inherited)",
				);
				GCC_SYMBOLS_PRIVATE_EXTERN = NO;
				GCC_WARN_64_TO_32_BIT_CONVERSION = YES;
				GCC_WARN_ABOUT_RETURN_TYPE = YES_ERROR;
				GCC_WARN_UNDECLARED_SELECTOR = YES;
				GCC_WARN_UNINITIALIZED_AUTOS = YES_AGGRESSIVE;
				GCC_WARN_UNUSED_FUNCTION = YES;
				GCC_WARN_UNUSED_VARIABLE = YES;
				IPHONEOS_DEPLOYMENT_TARGET = 9.3;
				MTL_ENABLE_DEBUG_INFO = YES;
				ONLY_ACTIVE_ARCH = YES;
				SDKROOT = iphoneos;
				SWIFT_OPTIMIZATION_LEVEL = "-Onone";
				SWIFT_VERSION = 4.0;
			};
			name = Debug;
		};
		607FACEE1AFB9204008FA782 /* Release */ = {
			isa = XCBuildConfiguration;
			buildSettings = {
				ALWAYS_SEARCH_USER_PATHS = NO;
				CLANG_CXX_LANGUAGE_STANDARD = "gnu++0x";
				CLANG_CXX_LIBRARY = "libc++";
				CLANG_ENABLE_MODULES = YES;
				CLANG_ENABLE_OBJC_ARC = YES;
				CLANG_WARN_BLOCK_CAPTURE_AUTORELEASING = YES;
				CLANG_WARN_BOOL_CONVERSION = YES;
				CLANG_WARN_COMMA = YES;
				CLANG_WARN_CONSTANT_CONVERSION = YES;
				CLANG_WARN_DEPRECATED_OBJC_IMPLEMENTATIONS = YES;
				CLANG_WARN_DIRECT_OBJC_ISA_USAGE = YES_ERROR;
				CLANG_WARN_EMPTY_BODY = YES;
				CLANG_WARN_ENUM_CONVERSION = YES;
				CLANG_WARN_INFINITE_RECURSION = YES;
				CLANG_WARN_INT_CONVERSION = YES;
				CLANG_WARN_NON_LITERAL_NULL_CONVERSION = YES;
				CLANG_WARN_OBJC_IMPLICIT_RETAIN_SELF = YES;
				CLANG_WARN_OBJC_LITERAL_CONVERSION = YES;
				CLANG_WARN_OBJC_ROOT_CLASS = YES_ERROR;
				CLANG_WARN_RANGE_LOOP_ANALYSIS = YES;
				CLANG_WARN_STRICT_PROTOTYPES = YES;
				CLANG_WARN_SUSPICIOUS_MOVE = YES;
				CLANG_WARN_UNREACHABLE_CODE = YES;
				CLANG_WARN__DUPLICATE_METHOD_MATCH = YES;
				"CODE_SIGN_IDENTITY[sdk=iphoneos*]" = "iPhone Developer";
				COPY_PHASE_STRIP = NO;
				DEBUG_INFORMATION_FORMAT = "dwarf-with-dsym";
				ENABLE_NS_ASSERTIONS = NO;
				ENABLE_STRICT_OBJC_MSGSEND = YES;
				GCC_C_LANGUAGE_STANDARD = gnu99;
				GCC_NO_COMMON_BLOCKS = YES;
				GCC_WARN_64_TO_32_BIT_CONVERSION = YES;
				GCC_WARN_ABOUT_RETURN_TYPE = YES_ERROR;
				GCC_WARN_UNDECLARED_SELECTOR = YES;
				GCC_WARN_UNINITIALIZED_AUTOS = YES_AGGRESSIVE;
				GCC_WARN_UNUSED_FUNCTION = YES;
				GCC_WARN_UNUSED_VARIABLE = YES;
				IPHONEOS_DEPLOYMENT_TARGET = 9.3;
				MTL_ENABLE_DEBUG_INFO = NO;
				SDKROOT = iphoneos;
				SWIFT_OPTIMIZATION_LEVEL = "-Owholemodule";
				SWIFT_VERSION = 4.0;
				VALIDATE_PRODUCT = YES;
			};
			name = Release;
		};
		607FACF01AFB9204008FA782 /* Debug */ = {
			isa = XCBuildConfiguration;
			baseConfigurationReference = B533CAD2A20CDCB0F96083DC /* Pods-Wendy_Example.debug.xcconfig */;
			buildSettings = {
				ASSETCATALOG_COMPILER_APPICON_NAME = AppIcon;
				CODE_SIGN_IDENTITY = "iPhone Developer";
				CODE_SIGN_STYLE = Automatic;
				DEVELOPMENT_TEAM = 6FUGF49KXB;
				INFOPLIST_FILE = Wendy/Info.plist;
				IPHONEOS_DEPLOYMENT_TARGET = 9.3;
				LD_RUNPATH_SEARCH_PATHS = "$(inherited) @executable_path/Frameworks";
				MODULE_NAME = ExampleApp;
				OTHER_SWIFT_FLAGS = "$(inherited) \"-D\" \"COCOAPODS\" -DDEBUG";
				PRODUCT_BUNDLE_IDENTIFIER = "com.levibostian.Wendy-Example";
				PRODUCT_NAME = "$(TARGET_NAME)";
				PROVISIONING_PROFILE_SPECIFIER = "";
				SWIFT_SWIFT3_OBJC_INFERENCE = Default;
				SWIFT_VERSION = 4.0;
			};
			name = Debug;
		};
		607FACF11AFB9204008FA782 /* Release */ = {
			isa = XCBuildConfiguration;
			baseConfigurationReference = D0288639D2D438127C7647AB /* Pods-Wendy_Example.release.xcconfig */;
			buildSettings = {
				ASSETCATALOG_COMPILER_APPICON_NAME = AppIcon;
				CODE_SIGN_IDENTITY = "iPhone Developer";
				CODE_SIGN_STYLE = Automatic;
				DEVELOPMENT_TEAM = 6FUGF49KXB;
				INFOPLIST_FILE = Wendy/Info.plist;
				IPHONEOS_DEPLOYMENT_TARGET = 9.3;
				LD_RUNPATH_SEARCH_PATHS = "$(inherited) @executable_path/Frameworks";
				MODULE_NAME = ExampleApp;
				PRODUCT_BUNDLE_IDENTIFIER = "com.levibostian.Wendy-Example";
				PRODUCT_NAME = "$(TARGET_NAME)";
				PROVISIONING_PROFILE_SPECIFIER = "";
				SWIFT_SWIFT3_OBJC_INFERENCE = Default;
				SWIFT_VERSION = 4.0;
			};
			name = Release;
		};
		607FACF31AFB9204008FA782 /* Debug */ = {
			isa = XCBuildConfiguration;
			baseConfigurationReference = B2F0BE46D4CDD276352A8397 /* Pods-Wendy_Tests.debug.xcconfig */;
			buildSettings = {
				FRAMEWORK_SEARCH_PATHS = (
					"$(SDKROOT)/Developer/Library/Frameworks",
					"$(inherited)",
				);
				GCC_PREPROCESSOR_DEFINITIONS = (
					"DEBUG=1",
					"$(inherited)",
				);
				INFOPLIST_FILE = Tests/Info.plist;
				LD_RUNPATH_SEARCH_PATHS = "$(inherited) @executable_path/Frameworks @loader_path/Frameworks";
				PRODUCT_BUNDLE_IDENTIFIER = "org.cocoapods.$(PRODUCT_NAME:rfc1034identifier)";
				PRODUCT_NAME = "$(TARGET_NAME)";
				SWIFT_SWIFT3_OBJC_INFERENCE = Default;
				SWIFT_VERSION = 4.0;
			};
			name = Debug;
		};
		607FACF41AFB9204008FA782 /* Release */ = {
			isa = XCBuildConfiguration;
			baseConfigurationReference = 05ED0B59CFF4BBB262DA8D69 /* Pods-Wendy_Tests.release.xcconfig */;
			buildSettings = {
				FRAMEWORK_SEARCH_PATHS = (
					"$(SDKROOT)/Developer/Library/Frameworks",
					"$(inherited)",
				);
				INFOPLIST_FILE = Tests/Info.plist;
				LD_RUNPATH_SEARCH_PATHS = "$(inherited) @executable_path/Frameworks @loader_path/Frameworks";
				PRODUCT_BUNDLE_IDENTIFIER = "org.cocoapods.$(PRODUCT_NAME:rfc1034identifier)";
				PRODUCT_NAME = "$(TARGET_NAME)";
				SWIFT_SWIFT3_OBJC_INFERENCE = Default;
				SWIFT_VERSION = 4.0;
			};
			name = Release;
		};
/* End XCBuildConfiguration section */

/* Begin XCConfigurationList section */
		607FACCB1AFB9204008FA782 /* Build configuration list for PBXProject "Wendy" */ = {
			isa = XCConfigurationList;
			buildConfigurations = (
				607FACED1AFB9204008FA782 /* Debug */,
				607FACEE1AFB9204008FA782 /* Release */,
			);
			defaultConfigurationIsVisible = 0;
			defaultConfigurationName = Release;
		};
		607FACEF1AFB9204008FA782 /* Build configuration list for PBXNativeTarget "Wendy_Example" */ = {
			isa = XCConfigurationList;
			buildConfigurations = (
				607FACF01AFB9204008FA782 /* Debug */,
				607FACF11AFB9204008FA782 /* Release */,
			);
			defaultConfigurationIsVisible = 0;
			defaultConfigurationName = Release;
		};
		607FACF21AFB9204008FA782 /* Build configuration list for PBXNativeTarget "Wendy_Tests" */ = {
			isa = XCConfigurationList;
			buildConfigurations = (
				607FACF31AFB9204008FA782 /* Debug */,
				607FACF41AFB9204008FA782 /* Release */,
			);
			defaultConfigurationIsVisible = 0;
			defaultConfigurationName = Release;
		};
/* End XCConfigurationList section */
	};
	rootObject = 607FACC81AFB9204008FA782 /* Project object */;
}
